
Microsoft Visual Studio Solution File, Format Version 12.00
# Visual Studio Version 17
VisualStudioVersion = 17.4.33110.190
MinimumVisualStudioVersion = 10.0.40219.1
Project("{FAE04EC0-301F-11D3-BF4B-00C04F79EFBC}") = "OculusPlatformDataRetriever", "OculusPlatformDataRetriever\OculusPlatformDataRetriever.csproj", "{3CC689C9-213B-419B-97BD-85AF16738C6C}"
EndProject
Global
	GlobalSection(SolutionConfigurationPlatforms) = preSolution
		Debug|Any CPU = Debug|Any CPU
		Release|Any CPU = Release|Any CPU
	EndGlobalSection
	GlobalSection(ProjectConfigurationPlatforms) = postSolution
		{3CC689C9-213B-419B-97BD-85AF16738C6C}.Debug|Any CPU.ActiveCfg = Debug|Any CPU
		{3CC689C9-213B-419B-97BD-85AF16738C6C}.Debug|Any CPU.Build.0 = Debug|Any CPU
		{3CC689C9-213B-419B-97BD-85AF16738C6C}.Release|Any CPU.ActiveCfg = Release|Any CPU
		{3CC689C9-213B-419B-97BD-85AF16738C6C}.Release|Any CPU.Build.0 = Release|Any CPU
	EndGlobalSection
	GlobalSection(SolutionProperties) = preSolution
		HideSolutionNode = FALSE
	EndGlobalSection
	GlobalSection(ExtensibilityGlobals) = postSolution
		SolutionGuid = {B51730A9-DCF3-407B-A0F9-88A5C41E8A4D}
	EndGlobalSection
EndGlobal
